
Microsoft Visual Studio Solution File, Format Version 12.00
Project("{FAE04EC0-301F-11D3-BF4B-00C04F79EFBC}") = "PopulateData", "PopulateData\PopulateData.csproj", "{F10FD32C-5AC6-4D1F-B297-58B2EACCDDBC}"
EndProject
Global
	GlobalSection(SolutionConfigurationPlatforms) = preSolution
		Debug|Any CPU = Debug|Any CPU
		Release|Any CPU = Release|Any CPU
	EndGlobalSection
	GlobalSection(ProjectConfigurationPlatforms) = postSolution
		{F10FD32C-5AC6-4D1F-B297-58B2EACCDDBC}.Debug|Any CPU.ActiveCfg = Debug|Any CPU
		{F10FD32C-5AC6-4D1F-B297-58B2EACCDDBC}.Debug|Any CPU.Build.0 = Debug|Any CPU
		{F10FD32C-5AC6-4D1F-B297-58B2EACCDDBC}.Release|Any CPU.ActiveCfg = Release|Any CPU
		{F10FD32C-5AC6-4D1F-B297-58B2EACCDDBC}.Release|Any CPU.Build.0 = Release|Any CPU
	EndGlobalSection
EndGlobal
